
Microsoft Visual Studio Solution File, Format Version 12.00
# Visual Studio Version 16
VisualStudioVersion = 16.0.33130.400
MinimumVisualStudioVersion = 10.0.40219.1
Project("{FAE04EC0-301F-11D3-BF4B-00C04F79EFBC}") = "hr-server", "hr-server\hr-server.csproj", "{D8EC98BB-DC99-4654-993F-2402758A188B}"
EndProject
Global
	GlobalSection(SolutionConfigurationPlatforms) = preSolution
		Debug|Any CPU = Debug|Any CPU
		Release|Any CPU = Release|Any CPU
	EndGlobalSection
	GlobalSection(ProjectConfigurationPlatforms) = postSolution
		{D8EC98BB-DC99-4654-993F-2402758A188B}.Debug|Any CPU.ActiveCfg = Debug|Any CPU
		{D8EC98BB-DC99-4654-993F-2402758A188B}.Debug|Any CPU.Build.0 = Debug|Any CPU
		{D8EC98BB-DC99-4654-993F-2402758A188B}.Release|Any CPU.ActiveCfg = Release|Any CPU
		{D8EC98BB-DC99-4654-993F-2402758A188B}.Release|Any CPU.Build.0 = Release|Any CPU
	EndGlobalSection
	GlobalSection(SolutionProperties) = preSolution
		HideSolutionNode = FALSE
	EndGlobalSection
	GlobalSection(ExtensibilityGlobals) = postSolution
		SolutionGuid = {5222FF3A-A023-417A-9817-54A2EA05A31D}
	EndGlobalSection
EndGlobal
